
Microsoft Visual Studio Solution File, Format Version 12.00
# Visual Studio Version 17
VisualStudioVersion = 17.5.33627.172
MinimumVisualStudioVersion = 10.0.40219.1
Project("{FAE04EC0-301F-11D3-BF4B-00C04F79EFBC}") = "MVCCore_1", "MVCCore_1\MVCCore_1.csproj", "{19FDA388-0BA6-4043-90E6-BFD30E35ECC9}"
EndProject
Global
	GlobalSection(SolutionConfigurationPlatforms) = preSolution
		Debug|Any CPU = Debug|Any CPU
		Release|Any CPU = Release|Any CPU
	EndGlobalSection
	GlobalSection(ProjectConfigurationPlatforms) = postSolution
		{19FDA388-0BA6-4043-90E6-BFD30E35ECC9}.Debug|Any CPU.ActiveCfg = Debug|Any CPU
		{19FDA388-0BA6-4043-90E6-BFD30E35ECC9}.Debug|Any CPU.Build.0 = Debug|Any CPU
		{19FDA388-0BA6-4043-90E6-BFD30E35ECC9}.Release|Any CPU.ActiveCfg = Release|Any CPU
		{19FDA388-0BA6-4043-90E6-BFD30E35ECC9}.Release|Any CPU.Build.0 = Release|Any CPU
	EndGlobalSection
	GlobalSection(SolutionProperties) = preSolution
		HideSolutionNode = FALSE
	EndGlobalSection
	GlobalSection(ExtensibilityGlobals) = postSolution
		SolutionGuid = {B9176E82-3B55-46EB-8E48-8449AC05EBED}
	EndGlobalSection
EndGlobal
